# This file is automatically @generated by Cargo.
# It is not intended for manual editing.
version = 4

[[package]]
name = "aesynx-abi"
version = "0.1.0"

[[package]]
name = "aesynx-ai-policy"
version = "0.1.0"
dependencies = [
 "aesynx-abi",
]

[[package]]
name = "aesynx-arch"
version = "0.1.0"
dependencies = [
 "aesynx-abi",
 "aesynx-mm",
]

[[package]]
name = "aesynx-arch-aarch64"
version = "0.1.0"
dependencies = [
 "aesynx-abi",
 "aesynx-arch",
]

[[package]]
name = "aesynx-arch-x86_64"
version = "0.1.0"
dependencies = [
 "aesynx-abi",
 "aesynx-arch",
 "aesynx-entropy",
]

[[package]]
name = "aesynx-boot"
version = "0.1.0"
dependencies = [
 "aesynx-abi",
]

[[package]]
name = "aesynx-bytecode"
version = "0.1.0"
dependencies = [
 "aesynx-cap",
]

[[package]]
name = "aesynx-cap"
version = "0.1.0"
dependencies = [
 "aesynx-abi",
]

[[package]]
name = "aesynx-device"
version = "0.1.0"
dependencies = [
 "aesynx-abi",
]

[[package]]
name = "aesynx-entropy"
version = "0.1.0"

[[package]]
name = "aesynx-ipc"
version = "0.1.0"
dependencies = [
 "aesynx-abi",
]

[[package]]
name = "aesynx-ipc-model"
version = "0.1.0"
dependencies = [
 "aesynx-abi",
 "aesynx-ipc",
]

[[package]]
name = "aesynx-kernel"
version = "0.1.0"
dependencies = [
 "aesynx-abi",
 "aesynx-arch",
 "aesynx-arch-x86_64",
 "aesynx-boot",
 "aesynx-cap",
 "aesynx-entropy",
 "aesynx-ipc",
 "aesynx-log",
 "aesynx-mm",
 "aesynx-sched",
 "aesynx-telemetry",
 "aesynx-time",
]

[[package]]
name = "aesynx-log"
version = "0.1.0"

[[package]]
name = "aesynx-mm"
version = "0.1.0"
dependencies = [
 "aesynx-abi",
]

[[package]]
name = "aesynx-object"
version = "0.1.0"
dependencies = [
 "aesynx-abi",
 "aesynx-cap",
]

[[package]]
name = "aesynx-object-model"
version = "0.1.0"
dependencies = [
 "aesynx-abi",
]

[[package]]
name = "aesynx-platform"
version = "0.1.0"
dependencies = [
 "aesynx-boot",
]

[[package]]
name = "aesynx-rt"
version = "0.1.0"
dependencies = [
 "aesynx-abi",
]

[[package]]
name = "aesynx-sched"
version = "0.1.0"
dependencies = [
 "aesynx-abi",
 "aesynx-telemetry",
]

[[package]]
name = "aesynx-shell"
version = "0.1.0"
dependencies = [
 "aesynx-rt",
]

[[package]]
name = "aesynx-telemetry"
version = "0.1.0"
dependencies = [
 "aesynx-abi",
 "aesynx-ai-policy",
]

[[package]]
name = "aesynx-time"
version = "0.1.0"
dependencies = [
 "aesynx-abi",
]

[[package]]
name = "trace-decode"
version = "0.1.0"

[[package]]
name = "xtask"
version = "0.1.0"
